
Microsoft Visual Studio Solution File, Format Version 12.00
# Visual Studio Version 17
VisualStudioVersion = 17.1.32228.430
MinimumVisualStudioVersion = 10.0.40219.1
Project("{FAE04EC0-301F-11D3-BF4B-00C04F79EFBC}") = "ConsoleApp2", "ConsoleApp2\ConsoleApp2.csproj", "{C1DABD4F-6202-46D7-91ED-F9017E246EAA}"
EndProject
Global
	GlobalSection(SolutionConfigurationPlatforms) = preSolution
		Debug|Any CPU = Debug|Any CPU
		Release|Any CPU = Release|Any CPU
	EndGlobalSection
	GlobalSection(ProjectConfigurationPlatforms) = postSolution
		{C1DABD4F-6202-46D7-91ED-F9017E246EAA}.Debug|Any CPU.ActiveCfg = Debug|Any CPU
		{C1DABD4F-6202-46D7-91ED-F9017E246EAA}.Debug|Any CPU.Build.0 = Debug|Any CPU
		{C1DABD4F-6202-46D7-91ED-F9017E246EAA}.Release|Any CPU.ActiveCfg = Release|Any CPU
		{C1DABD4F-6202-46D7-91ED-F9017E246EAA}.Release|Any CPU.Build.0 = Release|Any CPU
	EndGlobalSection
	GlobalSection(SolutionProperties) = preSolution
		HideSolutionNode = FALSE
	EndGlobalSection
	GlobalSection(ExtensibilityGlobals) = postSolution
		SolutionGuid = {EAF3D79C-A266-4FB9-B29A-35A21C844D57}
	EndGlobalSection
EndGlobal
