
Microsoft Visual Studio Solution File, Format Version 12.00
# Visual Studio Version 17
VisualStudioVersion = 17.1.32228.430
MinimumVisualStudioVersion = 10.0.40219.1
Project("{FAE04EC0-301F-11D3-BF4B-00C04F79EFBC}") = "ConsoleApp3", "ConsoleApp3\ConsoleApp3.csproj", "{0C750394-3306-4A52-B0FE-7EA5C55318E7}"
EndProject
Global
	GlobalSection(SolutionConfigurationPlatforms) = preSolution
		Debug|Any CPU = Debug|Any CPU
		Release|Any CPU = Release|Any CPU
	EndGlobalSection
	GlobalSection(ProjectConfigurationPlatforms) = postSolution
		{0C750394-3306-4A52-B0FE-7EA5C55318E7}.Debug|Any CPU.ActiveCfg = Debug|Any CPU
		{0C750394-3306-4A52-B0FE-7EA5C55318E7}.Debug|Any CPU.Build.0 = Debug|Any CPU
		{0C750394-3306-4A52-B0FE-7EA5C55318E7}.Release|Any CPU.ActiveCfg = Release|Any CPU
		{0C750394-3306-4A52-B0FE-7EA5C55318E7}.Release|Any CPU.Build.0 = Release|Any CPU
	EndGlobalSection
	GlobalSection(SolutionProperties) = preSolution
		HideSolutionNode = FALSE
	EndGlobalSection
	GlobalSection(ExtensibilityGlobals) = postSolution
		SolutionGuid = {A7A7F5E6-AB39-4FFA-93FF-9A1E13B4441A}
	EndGlobalSection
EndGlobal
