
Microsoft Visual Studio Solution File, Format Version 12.00
# Visual Studio Version 16
VisualStudioVersion = 16.0.32901.82
MinimumVisualStudioVersion = 10.0.40219.1
Project("{FAE04EC0-301F-11D3-BF4B-00C04F79EFBC}") = "ChatApp_Client", "ChatApp_Client\ChatApp_Client.csproj", "{631C351C-0F22-4681-9956-B98E6CFA5AE1}"
EndProject
Global
	GlobalSection(SolutionConfigurationPlatforms) = preSolution
		Debug|Any CPU = Debug|Any CPU
		Release|Any CPU = Release|Any CPU
	EndGlobalSection
	GlobalSection(ProjectConfigurationPlatforms) = postSolution
		{631C351C-0F22-4681-9956-B98E6CFA5AE1}.Debug|Any CPU.ActiveCfg = Debug|Any CPU
		{631C351C-0F22-4681-9956-B98E6CFA5AE1}.Debug|Any CPU.Build.0 = Debug|Any CPU
		{631C351C-0F22-4681-9956-B98E6CFA5AE1}.Release|Any CPU.ActiveCfg = Release|Any CPU
		{631C351C-0F22-4681-9956-B98E6CFA5AE1}.Release|Any CPU.Build.0 = Release|Any CPU
	EndGlobalSection
	GlobalSection(SolutionProperties) = preSolution
		HideSolutionNode = FALSE
	EndGlobalSection
	GlobalSection(ExtensibilityGlobals) = postSolution
		SolutionGuid = {AF7E0584-9F4A-45C2-B3FE-45CB6EB43AA8}
	EndGlobalSection
EndGlobal
